// !$*UTF8*$!
{
	archiveVersion = 1;
	classes = {
	};
	objectVersion = 46;
	objects = {

/* Begin PBXBuildFile section */
		50871CC81D73D3F700247AF1 /* AppDelegate.swift in Sources */ = {isa = PBXBuildFile; fileRef = 50871CC71D73D3F700247AF1 /* AppDelegate.swift */; };
		50871CCA1D73D3F700247AF1 /* ViewController.swift in Sources */ = {isa = PBXBuildFile; fileRef = 50871CC91D73D3F700247AF1 /* ViewController.swift */; };
		50871CCD1D73D3F700247AF1 /* Main.storyboard in Resources */ = {isa = PBXBuildFile; fileRef = 50871CCB1D73D3F700247AF1 /* Main.storyboard */; };
		50871CCF1D73D3F700247AF1 /* Assets.xcassets in Resources */ = {isa = PBXBuildFile; fileRef = 50871CCE1D73D3F700247AF1 /* Assets.xcassets */; };
		50871CD21D73D3F700247AF1 /* LaunchScreen.storyboard in Resources */ = {isa = PBXBuildFile; fileRef = 50871CD01D73D3F700247AF1 /* LaunchScreen.storyboard */; };
		50871CDD1D73D3F700247AF1 /* ShapeLayerTests.swift in Sources */ = {isa = PBXBuildFile; fileRef = 50871CDC1D73D3F700247AF1 /* ShapeLayerTests.swift */; };
		50871CE81D73D3F700247AF1 /* ShapeLayerUITests.swift in Sources */ = {isa = PBXBuildFile; fileRef = 50871CE71D73D3F700247AF1 /* ShapeLayerUITests.swift */; };
		50871CF61D7406F700247AF1 /* PercentageDialView.swift in Sources */ = {isa = PBXBuildFile; fileRef = 50871CF51D7406F700247AF1 /* PercentageDialView.swift */; };
/* End PBXBuildFile section */

/* Begin PBXContainerItemProxy section */
		50871CD91D73D3F700247AF1 /* PBXContainerItemProxy */ = {
			isa = PBXContainerItemProxy;
			containerPortal = 50871CBC1D73D3F700247AF1 /* Project object */;
			proxyType = 1;
			remoteGlobalIDString = 50871CC31D73D3F700247AF1;
			remoteInfo = ShapeLayer;
		};
		50871CE41D73D3F700247AF1 /* PBXContainerItemProxy */ = {
			isa = PBXContainerItemProxy;
			containerPortal = 50871CBC1D73D3F700247AF1 /* Project object */;
			proxyType = 1;
			remoteGlobalIDString = 50871CC31D73D3F700247AF1;
			remoteInfo = ShapeLayer;
		};
/* End PBXContainerItemProxy section */

/* Begin PBXFileReference section */
		50871CC41D73D3F700247AF1 /* ShapeLayer.app */ = {isa = PBXFileReference; explicitFileType = wrapper.application; includeInIndex = 0; path = ShapeLayer.app; sourceTree = BUILT_PRODUCTS_DIR; };
		50871CC71D73D3F700247AF1 /* AppDelegate.swift */ = {isa = PBXFileReference; lastKnownFileType = sourcecode.swift; path = AppDelegate.swift; sourceTree = "<group>"; };
		50871CC91D73D3F700247AF1 /* ViewController.swift */ = {isa = PBXFileReference; lastKnownFileType = sourcecode.swift; path = ViewController.swift; sourceTree = "<group>"; };
		50871CCC1D73D3F700247AF1 /* Base */ = {isa = PBXFileReference; lastKnownFileType = file.storyboard; name = Base; path = Base.lproj/Main.storyboard; sourceTree = "<group>"; };
		50871CCE1D73D3F700247AF1 /* Assets.xcassets */ = {isa = PBXFileReference; lastKnownFileType = folder.assetcatalog; path = Assets.xcassets; sourceTree = "<group>"; };
		50871CD11D73D3F700247AF1 /* Base */ = {isa = PBXFileReference; lastKnownFileType = file.storyboard; name = Base; path = Base.lproj/LaunchScreen.storyboard; sourceTree = "<group>"; };
		50871CD31D73D3F700247AF1 /* Info.plist */ = {isa = PBXFileReference; lastKnownFileType = text.plist.xml; path = Info.plist; sourceTree = "<group>"; };
		50871CD81D73D3F700247AF1 /* ShapeLayerTests.xctest */ = {isa = PBXFileReference; explicitFileType = wrapper.cfbundle; includeInIndex = 0; path = ShapeLayerTests.xctest; sourceTree = BUILT_PRODUCTS_DIR; };
		50871CDC1D73D3F700247AF1 /* ShapeLayerTests.swift */ = {isa = PBXFileReference; lastKnownFileType = sourcecode.swift; path = ShapeLayerTests.swift; sourceTree = "<group>"; };
		50871CDE1D73D3F700247AF1 /* Info.plist */ = {isa = PBXFileReference; lastKnownFileType = text.plist.xml; path = Info.plist; sourceTree = "<group>"; };
		50871CE31D73D3F700247AF1 /* ShapeLayerUITests.xctest */ = {isa = PBXFileReference; explicitFileType = wrapper.cfbundle; includeInIndex = 0; path = ShapeLayerUITests.xctest; sourceTree = BUILT_PRODUCTS_DIR; };
		50871CE71D73D3F700247AF1 /* ShapeLayerUITests.swift */ = {isa = PBXFileReference; lastKnownFileType = sourcecode.swift; path = ShapeLayerUITests.swift; sourceTree = "<group>"; };
		50871CE91D73D3F700247AF1 /* Info.plist */ = {isa = PBXFileReference; lastKnownFileType = text.plist.xml; path = Info.plist; sourceTree = "<group>"; };
		50871CF51D7406F700247AF1 /* PercentageDialView.swift */ = {isa = PBXFileReference; fileEncoding = 4; lastKnownFileType = sourcecode.swift; path = PercentageDialView.swift; sourceTree = "<group>"; };
/* End PBXFileReference section */

/* Begin PBXFrameworksBuildPhase section */
		50871CC11D73D3F700247AF1 /* Frameworks */ = {
			isa = PBXFrameworksBuildPhase;
			buildActionMask = 2147483647;
			files = (
			);
			runOnlyForDeploymentPostprocessing = 0;
		};
		50871CD51D73D3F700247AF1 /* Frameworks */ = {
			isa = PBXFrameworksBuildPhase;
			buildActionMask = 2147483647;
			files = (
			);
			runOnlyForDeploymentPostprocessing = 0;
		};
		50871CE01D73D3F700247AF1 /* Frameworks */ = {
			isa = PBXFrameworksBuildPhase;
			buildActionMask = 2147483647;
			files = (
			);
			runOnlyForDeploymentPostprocessing = 0;
		};
/* End PBXFrameworksBuildPhase section */

/* Begin PBXGroup section */
		50871CBB1D73D3F700247AF1 = {
			isa = PBXGroup;
			children = (
				50871CC61D73D3F700247AF1 /* ShapeLayer */,
				50871CDB1D73D3F700247AF1 /* ShapeLayerTests */,
				50871CE61D73D3F700247AF1 /* ShapeLayerUITests */,
				50871CC51D73D3F700247AF1 /* Products */,
			);
			sourceTree = "<group>";
		};
		50871CC51D73D3F700247AF1 /* Products */ = {
			isa = PBXGroup;
			children = (
				50871CC41D73D3F700247AF1 /* ShapeLayer.app */,
				50871CD81D73D3F700247AF1 /* ShapeLayerTests.xctest */,
				50871CE31D73D3F700247AF1 /* ShapeLayerUITests.xctest */,
			);
			name = Products;
			sourceTree = "<group>";
		};
		50871CC61D73D3F700247AF1 /* ShapeLayer */ = {
			isa = PBXGroup;
			children = (
				50871CC71D73D3F700247AF1 /* AppDelegate.swift */,
				50871CC91D73D3F700247AF1 /* ViewController.swift */,
				50871CCB1D73D3F700247AF1 /* Main.storyboard */,
				50871CCE1D73D3F700247AF1 /* Assets.xcassets */,
				50871CD01D73D3F700247AF1 /* LaunchScreen.storyboard */,
				50871CD31D73D3F700247AF1 /* Info.plist */,
				50871CF51D7406F700247AF1 /* PercentageDialView.swift */,
			);
			path = ShapeLayer;
			sourceTree = "<group>";
		};
		50871CDB1D73D3F700247AF1 /* ShapeLayerTests */ = {
			isa = PBXGroup;
			children = (
				50871CDC1D73D3F700247AF1 /* ShapeLayerTests.swift */,
				50871CDE1D73D3F700247AF1 /* Info.plist */,
			);
			path = ShapeLayerTests;
			sourceTree = "<group>";
		};
		50871CE61D73D3F700247AF1 /* ShapeLayerUITests */ = {
			isa = PBXGroup;
			children = (
				50871CE71D73D3F700247AF1 /* ShapeLayerUITests.swift */,
				50871CE91D73D3F700247AF1 /* Info.plist */,
			);
			path = ShapeLayerUITests;
			sourceTree = "<group>";
		};
/* End PBXGroup section */

/* Begin PBXNativeTarget section */
		50871CC31D73D3F700247AF1 /* ShapeLayer */ = {
			isa = PBXNativeTarget;
			buildConfigurationList = 50871CEC1D73D3F700247AF1 /* Build configuration list for PBXNativeTarget "ShapeLayer" */;
			buildPhases = (
				50871CC01D73D3F700247AF1 /* Sources */,
				50871CC11D73D3F700247AF1 /* Frameworks */,
				50871CC21D73D3F700247AF1 /* Resources */,
			);
			buildRules = (
			);
			dependencies = (
			);
			name = ShapeLayer;
			productName = ShapeLayer;
			productReference = 50871CC41D73D3F700247AF1 /* ShapeLayer.app */;
			productType = "com.apple.product-type.application";
		};
		50871CD71D73D3F700247AF1 /* ShapeLayerTests */ = {
			isa = PBXNativeTarget;
			buildConfigurationList = 50871CEF1D73D3F700247AF1 /* Build configuration list for PBXNativeTarget "ShapeLayerTests" */;
			buildPhases = (
				50871CD41D73D3F700247AF1 /* Sources */,
				50871CD51D73D3F700247AF1 /* Frameworks */,
				50871CD61D73D3F700247AF1 /* Resources */,
			);
			buildRules = (
			);
			dependencies = (
				50871CDA1D73D3F700247AF1 /* PBXTargetDependency */,
			);
			name = ShapeLayerTests;
			productName = ShapeLayerTests;
			productReference = 50871CD81D73D3F700247AF1 /* ShapeLayerTests.xctest */;
			productType = "com.apple.product-type.bundle.unit-test";
		};
		50871CE21D73D3F700247AF1 /* ShapeLayerUITests */ = {
			isa = PBXNativeTarget;
			buildConfigurationList = 50871CF21D73D3F700247AF1 /* Build configuration list for PBXNativeTarget "ShapeLayerUITests" */;
			buildPhases = (
				50871CDF1D73D3F700247AF1 /* Sources */,
				50871CE01D73D3F700247AF1 /* Frameworks */,
				50871CE11D73D3F700247AF1 /* Resources */,
			);
			buildRules = (
			);
			dependencies = (
				50871CE51D73D3F700247AF1 /* PBXTargetDependency */,
			);
			name = ShapeLayerUITests;
			productName = ShapeLayerUITests;
			productReference = 50871CE31D73D3F700247AF1 /* ShapeLayerUITests.xctest */;
			productType = "com.apple.product-type.bundle.ui-testing";
		};
/* End PBXNativeTarget section */

/* Begin PBXProject section */
		50871CBC1D73D3F700247AF1 /* Project object */ = {
			isa = PBXProject;
			attributes = {
				LastSwiftUpdateCheck = 0730;
				LastUpgradeCheck = 0730;
				ORGANIZATIONNAME = LanSJ;
				TargetAttributes = {
					50871CC31D73D3F700247AF1 = {
						CreatedOnToolsVersion = 7.3.1;
					};
					50871CD71D73D3F700247AF1 = {
						CreatedOnToolsVersion = 7.3.1;
						TestTargetID = 50871CC31D73D3F700247AF1;
					};
					50871CE21D73D3F700247AF1 = {
						CreatedOnToolsVersion = 7.3.1;
						TestTargetID = 50871CC31D73D3F700247AF1;
					};
				};
			};
			buildConfigurationList = 50871CBF1D73D3F700247AF1 /* Build configuration list for PBXProject "ShapeLayer" */;
			compatibilityVersion = "Xcode 3.2";
			developmentRegion = English;
			hasScannedForEncodings = 0;
			knownRegions = (
				en,
				Base,
			);
			mainGroup = 50871CBB1D73D3F700247AF1;
			productRefGroup = 50871CC51D73D3F700247AF1 /* Products */;
			projectDirPath = "";
			projectRoot = "";
			targets = (
				50871CC31D73D3F700247AF1 /* ShapeLayer */,
				50871CD71D73D3F700247AF1 /* ShapeLayerTests */,
				50871CE21D73D3F700247AF1 /* ShapeLayerUITests */,
			);
		};
/* End PBXProject section */

/* Begin PBXResourcesBuildPhase section */
		50871CC21D73D3F700247AF1 /* Resources */ = {
			isa = PBXResourcesBuildPhase;
			buildActionMask = 2147483647;
			files = (
				50871CD21D73D3F700247AF1 /* LaunchScreen.storyboard in Resources */,
				50871CCF1D73D3F700247AF1 /* Assets.xcassets in Resources */,
				50871CCD1D73D3F700247AF1 /* Main.storyboard in Resources */,
			);
			runOnlyForDeploymentPostprocessing = 0;
		};
		50871CD61D73D3F700247AF1 /* Resources */ = {
			isa = PBXResourcesBuildPhase;
			buildActionMask = 2147483647;
			files = (
			);
			runOnlyForDeploymentPostprocessing = 0;
		};
		50871CE11D73D3F700247AF1 /* Resources */ = {
			isa = PBXResourcesBuildPhase;
			buildActionMask = 2147483647;
			files = (
			);
			runOnlyForDeploymentPostprocessing = 0;
		};
/* End PBXResourcesBuildPhase section */

/* Begin PBXSourcesBuildPhase section */
		50871CC01D73D3F700247AF1 /* Sources */ = {
			isa = PBXSourcesBuildPhase;
			buildActionMask = 2147483647;
			files = (
				50871CCA1D73D3F700247AF1 /* ViewController.swift in Sources */,
				50871CF61D7406F700247AF1 /* PercentageDialView.swift in Sources */,
				50871CC81D73D3F700247AF1 /* AppDelegate.swift in Sources */,
			);
			runOnlyForDeploymentPostprocessing = 0;
		};
		50871CD41D73D3F700247AF1 /* Sources */ = {
			isa = PBXSourcesBuildPhase;
			buildActionMask = 2147483647;
			files = (
				50871CDD1D73D3F700247AF1 /* ShapeLayerTests.swift in Sources */,
			);
			runOnlyForDeploymentPostprocessing = 0;
		};
		50871CDF1D73D3F700247AF1 /* Sources */ = {
			isa = PBXSourcesBuildPhase;
			buildActionMask = 2147483647;
			files = (
				50871CE81D73D3F700247AF1 /* ShapeLayerUITests.swift in Sources */,
			);
			runOnlyForDeploymentPostprocessing = 0;
		};
/* End PBXSourcesBuildPhase section */

/* Begin PBXTargetDependency section */
		50871CDA1D73D3F700247AF1 /* PBXTargetDependency */ = {
			isa = PBXTargetDependency;
			target = 50871CC31D73D3F700247AF1 /* ShapeLayer */;
			targetProxy = 50871CD91D73D3F700247AF1 /* PBXContainerItemProxy */;
		};
		50871CE51D73D3F700247AF1 /* PBXTargetDependency */ = {
			isa = PBXTargetDependency;
			target = 50871CC31D73D3F700247AF1 /* ShapeLayer */;
			targetProxy = 50871CE41D73D3F700247AF1 /* PBXContainerItemProxy */;
		};
/* End PBXTargetDependency section */

/* Begin PBXVariantGroup section */
		50871CCB1D73D3F700247AF1 /* Main.storyboard */ = {
			isa = PBXVariantGroup;
			children = (
				50871CCC1D73D3F700247AF1 /* Base */,
			);
			name = Main.storyboard;
			sourceTree = "<group>";
		};
		50871CD01D73D3F700247AF1 /* LaunchScreen.storyboard */ = {
			isa = PBXVariantGroup;
			children = (
				50871CD11D73D3F700247AF1 /* Base */,
			);
			name = LaunchScreen.storyboard;
			sourceTree = "<group>";
		};
/* End PBXVariantGroup section */

/* Begin XCBuildConfiguration section */
		50871CEA1D73D3F700247AF1 /* Debug */ = {
			isa = XCBuildConfiguration;
			buildSettings = {
				ALWAYS_SEARCH_USER_PATHS = NO;
				CLANG_ANALYZER_NONNULL = YES;
				CLANG_CXX_LANGUAGE_STANDARD = "gnu++0x";
				CLANG_CXX_LIBRARY = "libc++";
				CLANG_ENABLE_MODULES = YES;
				CLANG_ENABLE_OBJC_ARC = YES;
				CLANG_WARN_BOOL_CONVERSION = YES;
				CLANG_WARN_CONSTANT_CONVERSION = YES;
				CLANG_WARN_DIRECT_OBJC_ISA_USAGE = YES_ERROR;
				CLANG_WARN_EMPTY_BODY = YES;
				CLANG_WARN_ENUM_CONVERSION = YES;
				CLANG_WARN_INT_CONVERSION = YES;
				CLANG_WARN_OBJC_ROOT_CLASS = YES_ERROR;
				CLANG_WARN_UNREACHABLE_CODE = YES;
				CLANG_WARN__DUPLICATE_METHOD_MATCH = YES;
				"CODE_SIGN_IDENTITY[sdk=iphoneos*]" = "iPhone Developer";
				COPY_PHASE_STRIP = NO;
				DEBUG_INFORMATION_FORMAT = dwarf;
				ENABLE_STRICT_OBJC_MSGSEND = YES;
				ENABLE_TESTABILITY = YES;
				GCC_C_LANGUAGE_STANDARD = gnu99;
				GCC_DYNAMIC_NO_PIC = NO;
				GCC_NO_COMMON_BLOCKS = YES;
				GCC_OPTIMIZATION_LEVEL = 0;
				GCC_PREPROCESSOR_DEFINITIONS = (
					"DEBUG=1",
					"$(inherited)",
				);
				GCC_WARN_64_TO_32_BIT_CONVERSION = YES;
				GCC_WARN_ABOUT_RETURN_TYPE = YES_ERROR;
				GCC_WARN_UNDECLARED_SELECTOR = YES;
				GCC_WARN_UNINITIALIZED_AUTOS = YES_AGGRESSIVE;
				GCC_WARN_UNUSED_FUNCTION = YES;
				GCC_WARN_UNUSED_VARIABLE = YES;
				IPHONEOS_DEPLOYMENT_TARGET = 9.3;
				MTL_ENABLE_DEBUG_INFO = YES;
				ONLY_ACTIVE_ARCH = YES;
				SDKROOT = iphoneos;
				SWIFT_OPTIMIZATION_LEVEL = "-Onone";
				TARGETED_DEVICE_FAMILY = "1,2";
			};
			name = Debug;
		};
		50871CEB1D73D3F700247AF1 /* Release */ = {
			isa = XCBuildConfiguration;
			buildSettings = {
				ALWAYS_SEARCH_USER_PATHS = NO;
				CLANG_ANALYZER_NONNULL = YES;
				CLANG_CXX_LANGUAGE_STANDARD = "gnu++0x";
				CLANG_CXX_LIBRARY = "libc++";
				CLANG_ENABLE_MODULES = YES;
				CLANG_ENABLE_OBJC_ARC = YES;
				CLANG_WARN_BOOL_CONVERSION = YES;
				CLANG_WARN_CONSTANT_CONVERSION = YES;
				CLANG_WARN_DIRECT_OBJC_ISA_USAGE = YES_ERROR;
				CLANG_WARN_EMPTY_BODY = YES;
				CLANG_WARN_ENUM_CONVERSION = YES;
				CLANG_WARN_INT_CONVERSION = YES;
				CLANG_WARN_OBJC_ROOT_CLASS = YES_ERROR;
				CLANG_WARN_UNREACHABLE_CODE = YES;
				CLANG_WARN__DUPLICATE_METHOD_MATCH = YES;
				"CODE_SIGN_IDENTITY[sdk=iphoneos*]" = "iPhone Developer";
				COPY_PHASE_STRIP = NO;
				DEBUG_INFORMATION_FORMAT = "dwarf-with-dsym";
				ENABLE_NS_ASSERTIONS = NO;
				ENABLE_STRICT_OBJC_MSGSEND = YES;
				GCC_C_LANGUAGE_STANDARD = gnu99;
				GCC_NO_COMMON_BLOCKS = YES;
				GCC_WARN_64_TO_32_BIT_CONVERSION = YES;
				GCC_WARN_ABOUT_RETURN_TYPE = YES_ERROR;
				GCC_WARN_UNDECLARED_SELECTOR = YES;
				GCC_WARN_UNINITIALIZED_AUTOS = YES_AGGRESSIVE;
				GCC_WARN_UNUSED_FUNCTION = YES;
				GCC_WARN_UNUSED_VARIABLE = YES;
				IPHONEOS_DEPLOYMENT_TARGET = 9.3;
				MTL_ENABLE_DEBUG_INFO = NO;
				SDKROOT = iphoneos;
				TARGETED_DEVICE_FAMILY = "1,2";
				VALIDATE_PRODUCT = YES;
			};
			name = Release;
		};
		50871CED1D73D3F700247AF1 /* Debug */ = {
			isa = XCBuildConfiguration;
			buildSettings = {
				ASSETCATALOG_COMPILER_APPICON_NAME = AppIcon;
				INFOPLIST_FILE = ShapeLayer/Info.plist;
				LD_RUNPATH_SEARCH_PATHS = "$(inherited) @executable_path/Frameworks";
				PRODUCT_BUNDLE_IDENTIFIER = Lan.ShapeLayer;
				PRODUCT_NAME = "$(TARGET_NAME)";
			};
			name = Debug;
		};
		50871CEE1D73D3F700247AF1 /* Release */ = {
			isa = XCBuildConfiguration;
			buildSettings = {
				ASSETCATALOG_COMPILER_APPICON_NAME = AppIcon;
				INFOPLIST_FILE = ShapeLayer/Info.plist;
				LD_RUNPATH_SEARCH_PATHS = "$(inherited) @executable_path/Frameworks";
				PRODUCT_BUNDLE_IDENTIFIER = Lan.ShapeLayer;
				PRODUCT_NAME = "$(TARGET_NAME)";
			};
			name = Release;
		};
		50871CF01D73D3F700247AF1 /* Debug */ = {
			isa = XCBuildConfiguration;
			buildSettings = {
				BUNDLE_LOADER = "$(TEST_HOST)";
				INFOPLIST_FILE = ShapeLayerTests/Info.plist;
				LD_RUNPATH_SEARCH_PATHS = "$(inherited) @executable_path/Frameworks @loader_path/Frameworks";
				PRODUCT_BUNDLE_IDENTIFIER = Lan.ShapeLayerTests;
				PRODUCT_NAME = "$(TARGET_NAME)";
				TEST_HOST = "$(BUILT_PRODUCTS_DIR)/ShapeLayer.app/ShapeLayer";
			};
			name = Debug;
		};
		50871CF11D73D3F700247AF1 /* Release */ = {
			isa = XCBuildConfiguration;
			buildSettings = {
				BUNDLE_LOADER = "$(TEST_HOST)";
				INFOPLIST_FILE = ShapeLayerTests/Info.plist;
				LD_RUNPATH_SEARCH_PATHS = "$(inherited) @executable_path/Frameworks @loader_path/Frameworks";
				PRODUCT_BUNDLE_IDENTIFIER = Lan.ShapeLayerTests;
				PRODUCT_NAME = "$(TARGET_NAME)";
				TEST_HOST = "$(BUILT_PRODUCTS_DIR)/ShapeLayer.app/ShapeLayer";
			};
			name = Release;
		};
		50871CF31D73D3F700247AF1 /* Debug */ = {
			isa = XCBuildConfiguration;
			buildSettings = {
				INFOPLIST_FILE = ShapeLayerUITests/Info.plist;
				LD_RUNPATH_SEARCH_PATHS = "$(inherited) @executable_path/Frameworks @loader_path/Frameworks";
				PRODUCT_BUNDLE_IDENTIFIER = Lan.ShapeLayerUITests;
				PRODUCT_NAME = "$(TARGET_NAME)";
				TEST_TARGET_NAME = ShapeLayer;
			};
			name = Debug;
		};
		50871CF41D73D3F700247AF1 /* Release */ = {
			isa = XCBuildConfiguration;
			buildSettings = {
				INFOPLIST_FILE = ShapeLayerUITests/Info.plist;
				LD_RUNPATH_SEARCH_PATHS = "$(inherited) @executable_path/Frameworks @loader_path/Frameworks";
				PRODUCT_BUNDLE_IDENTIFIER = Lan.ShapeLayerUITests;
				PRODUCT_NAME = "$(TARGET_NAME)";
				TEST_TARGET_NAME = ShapeLayer;
			};
			name = Release;
		};
/* End XCBuildConfiguration section */

/* Begin XCConfigurationList section */
		50871CBF1D73D3F700247AF1 /* Build configuration list for PBXProject "ShapeLayer" */ = {
			isa = XCConfigurationList;
			buildConfigurations = (
				50871CEA1D73D3F700247AF1 /* Debug */,
				50871CEB1D73D3F700247AF1 /* Release */,
			);
			defaultConfigurationIsVisible = 0;
			defaultConfigurationName = Release;
		};
		50871CEC1D73D3F700247AF1 /* Build configuration list for PBXNativeTarget "ShapeLayer" */ = {
			isa = XCConfigurationList;
			buildConfigurations = (
				50871CED1D73D3F700247AF1 /* Debug */,
				50871CEE1D73D3F700247AF1 /* Release */,
			);
			defaultConfigurationIsVisible = 0;
		};
		50871CEF1D73D3F700247AF1 /* Build configuration list for PBXNativeTarget "ShapeLayerTests" */ = {
			isa = XCConfigurationList;
			buildConfigurations = (
				50871CF01D73D3F700247AF1 /* Debug */,
				50871CF11D73D3F700247AF1 /* Release */,
			);
			defaultConfigurationIsVisible = 0;
		};
		50871CF21D73D3F700247AF1 /* Build configuration list for PBXNativeTarget "ShapeLayerUITests" */ = {
			isa = XCConfigurationList;
			buildConfigurations = (
				50871CF31D73D3F700247AF1 /* Debug */,
				50871CF41D73D3F700247AF1 /* Release */,
			);
			defaultConfigurationIsVisible = 0;
		};
/* End XCConfigurationList section */
	};
	rootObject = 50871CBC1D73D3F700247AF1 /* Project object */;
}
